// !$*UTF8*$!
{
	archiveVersion = 1;
	classes = {
	};
	objectVersion = 56;
	objects = {

/* Begin PBXBuildFile section */
		25B4265C2B56C0D500EC22FA /* AppDelegate.swift in Sources */ = {isa = PBXBuildFile; fileRef = 25B4265B2B56C0D500EC22FA /* AppDelegate.swift */; };
		25B4265E2B56C0D500EC22FA /* SceneDelegate.swift in Sources */ = {isa = PBXBuildFile; fileRef = 25B4265D2B56C0D500EC22FA /* SceneDelegate.swift */; };
		25B426602B56C0D500EC22FA /* ViewController.swift in Sources */ = {isa = PBXBuildFile; fileRef = 25B4265F2B56C0D500EC22FA /* ViewController.swift */; };
		25B426632B56C0D500EC22FA /* Main.storyboard in Resources */ = {isa = PBXBuildFile; fileRef = 25B426612B56C0D500EC22FA /* Main.storyboard */; };
		25B426652B56C0D600EC22FA /* Assets.xcassets in Resources */ = {isa = PBXBuildFile; fileRef = 25B426642B56C0D600EC22FA /* Assets.xcassets */; };
		25B426682B56C0D600EC22FA /* LaunchScreen.storyboard in Resources */ = {isa = PBXBuildFile; fileRef = 25B426662B56C0D600EC22FA /* LaunchScreen.storyboard */; };
		25B426732B56C0D600EC22FA /* repoGitDemoTests.swift in Sources */ = {isa = PBXBuildFile; fileRef = 25B426722B56C0D600EC22FA /* repoGitDemoTests.swift */; };
		25B4267D2B56C0D600EC22FA /* repoGitDemoUITests.swift in Sources */ = {isa = PBXBuildFile; fileRef = 25B4267C2B56C0D600EC22FA /* repoGitDemoUITests.swift */; };
		25B4267F2B56C0D600EC22FA /* repoGitDemoUITestsLaunchTests.swift in Sources */ = {isa = PBXBuildFile; fileRef = 25B4267E2B56C0D600EC22FA /* repoGitDemoUITestsLaunchTests.swift */; };
		25B4268C2B56C0F500EC22FA /* ShobhitVC.swift in Sources */ = {isa = PBXBuildFile; fileRef = 25B4268B2B56C0F500EC22FA /* ShobhitVC.swift */; };
		25B4268E2B56C10300EC22FA /* AnmolVC.swift in Sources */ = {isa = PBXBuildFile; fileRef = 25B4268D2B56C10300EC22FA /* AnmolVC.swift */; };
/* End PBXBuildFile section */

/* Begin PBXContainerItemProxy section */
		25B4266F2B56C0D600EC22FA /* PBXContainerItemProxy */ = {
			isa = PBXContainerItemProxy;
			containerPortal = 25B426502B56C0D500EC22FA /* Project object */;
			proxyType = 1;
			remoteGlobalIDString = 25B426572B56C0D500EC22FA;
			remoteInfo = repoGitDemo;
		};
		25B426792B56C0D600EC22FA /* PBXContainerItemProxy */ = {
			isa = PBXContainerItemProxy;
			containerPortal = 25B426502B56C0D500EC22FA /* Project object */;
			proxyType = 1;
			remoteGlobalIDString = 25B426572B56C0D500EC22FA;
			remoteInfo = repoGitDemo;
		};
/* End PBXContainerItemProxy section */

/* Begin PBXFileReference section */
		25B426582B56C0D500EC22FA /* repoGitDemo.app */ = {isa = PBXFileReference; explicitFileType = wrapper.application; includeInIndex = 0; path = repoGitDemo.app; sourceTree = BUILT_PRODUCTS_DIR; };
		25B4265B2B56C0D500EC22FA /* AppDelegate.swift */ = {isa = PBXFileReference; lastKnownFileType = sourcecode.swift; path = AppDelegate.swift; sourceTree = "<group>"; };
		25B4265D2B56C0D500EC22FA /* SceneDelegate.swift */ = {isa = PBXFileReference; lastKnownFileType = sourcecode.swift; path = SceneDelegate.swift; sourceTree = "<group>"; };
		25B4265F2B56C0D500EC22FA /* ViewController.swift */ = {isa = PBXFileReference; lastKnownFileType = sourcecode.swift; path = ViewController.swift; sourceTree = "<group>"; };
		25B426622B56C0D500EC22FA /* Base */ = {isa = PBXFileReference; lastKnownFileType = file.storyboard; name = Base; path = Base.lproj/Main.storyboard; sourceTree = "<group>"; };
		25B426642B56C0D600EC22FA /* Assets.xcassets */ = {isa = PBXFileReference; lastKnownFileType = folder.assetcatalog; path = Assets.xcassets; sourceTree = "<group>"; };
		25B426672B56C0D600EC22FA /* Base */ = {isa = PBXFileReference; lastKnownFileType = file.storyboard; name = Base; path = Base.lproj/LaunchScreen.storyboard; sourceTree = "<group>"; };
		25B426692B56C0D600EC22FA /* Info.plist */ = {isa = PBXFileReference; lastKnownFileType = text.plist.xml; path = Info.plist; sourceTree = "<group>"; };
		25B4266E2B56C0D600EC22FA /* repoGitDemoTests.xctest */ = {isa = PBXFileReference; explicitFileType = wrapper.cfbundle; includeInIndex = 0; path = repoGitDemoTests.xctest; sourceTree = BUILT_PRODUCTS_DIR; };
		25B426722B56C0D600EC22FA /* repoGitDemoTests.swift */ = {isa = PBXFileReference; lastKnownFileType = sourcecode.swift; path = repoGitDemoTests.swift; sourceTree = "<group>"; };
		25B426782B56C0D600EC22FA /* repoGitDemoUITests.xctest */ = {isa = PBXFileReference; explicitFileType = wrapper.cfbundle; includeInIndex = 0; path = repoGitDemoUITests.xctest; sourceTree = BUILT_PRODUCTS_DIR; };
		25B4267C2B56C0D600EC22FA /* repoGitDemoUITests.swift */ = {isa = PBXFileReference; lastKnownFileType = sourcecode.swift; path = repoGitDemoUITests.swift; sourceTree = "<group>"; };
		25B4267E2B56C0D600EC22FA /* repoGitDemoUITestsLaunchTests.swift */ = {isa = PBXFileReference; lastKnownFileType = sourcecode.swift; path = repoGitDemoUITestsLaunchTests.swift; sourceTree = "<group>"; };
		25B4268B2B56C0F500EC22FA /* ShobhitVC.swift */ = {isa = PBXFileReference; lastKnownFileType = sourcecode.swift; path = ShobhitVC.swift; sourceTree = "<group>"; };
		25B4268D2B56C10300EC22FA /* AnmolVC.swift */ = {isa = PBXFileReference; lastKnownFileType = sourcecode.swift; path = AnmolVC.swift; sourceTree = "<group>"; };
/* End PBXFileReference section */

/* Begin PBXFrameworksBuildPhase section */
		25B426552B56C0D500EC22FA /* Frameworks */ = {
			isa = PBXFrameworksBuildPhase;
			buildActionMask = 2147483647;
			files = (
			);
			runOnlyForDeploymentPostprocessing = 0;
		};
		25B4266B2B56C0D600EC22FA /* Frameworks */ = {
			isa = PBXFrameworksBuildPhase;
			buildActionMask = 2147483647;
			files = (
			);
			runOnlyForDeploymentPostprocessing = 0;
		};
		25B426752B56C0D600EC22FA /* Frameworks */ = {
			isa = PBXFrameworksBuildPhase;
			buildActionMask = 2147483647;
			files = (
			);
			runOnlyForDeploymentPostprocessing = 0;
		};
/* End PBXFrameworksBuildPhase section */

/* Begin PBXGroup section */
		25B4264F2B56C0D500EC22FA = {
			isa = PBXGroup;
			children = (
				25B4265A2B56C0D500EC22FA /* repoGitDemo */,
				25B426712B56C0D600EC22FA /* repoGitDemoTests */,
				25B4267B2B56C0D600EC22FA /* repoGitDemoUITests */,
				25B426592B56C0D500EC22FA /* Products */,
			);
			sourceTree = "<group>";
		};
		25B426592B56C0D500EC22FA /* Products */ = {
			isa = PBXGroup;
			children = (
				25B426582B56C0D500EC22FA /* repoGitDemo.app */,
				25B4266E2B56C0D600EC22FA /* repoGitDemoTests.xctest */,
				25B426782B56C0D600EC22FA /* repoGitDemoUITests.xctest */,
			);
			name = Products;
			sourceTree = "<group>";
		};
		25B4265A2B56C0D500EC22FA /* repoGitDemo */ = {
			isa = PBXGroup;
			children = (
				25B4265B2B56C0D500EC22FA /* AppDelegate.swift */,
				25B4265D2B56C0D500EC22FA /* SceneDelegate.swift */,
				25B4265F2B56C0D500EC22FA /* ViewController.swift */,
				25B4268D2B56C10300EC22FA /* AnmolVC.swift */,
				25B4268B2B56C0F500EC22FA /* ShobhitVC.swift */,
				25B426612B56C0D500EC22FA /* Main.storyboard */,
				25B426642B56C0D600EC22FA /* Assets.xcassets */,
				25B426662B56C0D600EC22FA /* LaunchScreen.storyboard */,
				25B426692B56C0D600EC22FA /* Info.plist */,
			);
			path = repoGitDemo;
			sourceTree = "<group>";
		};
		25B426712B56C0D600EC22FA /* repoGitDemoTests */ = {
			isa = PBXGroup;
			children = (
				25B426722B56C0D600EC22FA /* repoGitDemoTests.swift */,
			);
			path = repoGitDemoTests;
			sourceTree = "<group>";
		};
		25B4267B2B56C0D600EC22FA /* repoGitDemoUITests */ = {
			isa = PBXGroup;
			children = (
				25B4267C2B56C0D600EC22FA /* repoGitDemoUITests.swift */,
				25B4267E2B56C0D600EC22FA /* repoGitDemoUITestsLaunchTests.swift */,
			);
			path = repoGitDemoUITests;
			sourceTree = "<group>";
		};
/* End PBXGroup section */

/* Begin PBXNativeTarget section */
		25B426572B56C0D500EC22FA /* repoGitDemo */ = {
			isa = PBXNativeTarget;
			buildConfigurationList = 25B426822B56C0D600EC22FA /* Build configuration list for PBXNativeTarget "repoGitDemo" */;
			buildPhases = (
				25B426542B56C0D500EC22FA /* Sources */,
				25B426552B56C0D500EC22FA /* Frameworks */,
				25B426562B56C0D500EC22FA /* Resources */,
			);
			buildRules = (
			);
			dependencies = (
			);
			name = repoGitDemo;
			productName = repoGitDemo;
			productReference = 25B426582B56C0D500EC22FA /* repoGitDemo.app */;
			productType = "com.apple.product-type.application";
		};
		25B4266D2B56C0D600EC22FA /* repoGitDemoTests */ = {
			isa = PBXNativeTarget;
			buildConfigurationList = 25B426852B56C0D600EC22FA /* Build configuration list for PBXNativeTarget "repoGitDemoTests" */;
			buildPhases = (
				25B4266A2B56C0D600EC22FA /* Sources */,
				25B4266B2B56C0D600EC22FA /* Frameworks */,
				25B4266C2B56C0D600EC22FA /* Resources */,
			);
			buildRules = (
			);
			dependencies = (
				25B426702B56C0D600EC22FA /* PBXTargetDependency */,
			);
			name = repoGitDemoTests;
			productName = repoGitDemoTests;
			productReference = 25B4266E2B56C0D600EC22FA /* repoGitDemoTests.xctest */;
			productType = "com.apple.product-type.bundle.unit-test";
		};
		25B426772B56C0D600EC22FA /* repoGitDemoUITests */ = {
			isa = PBXNativeTarget;
			buildConfigurationList = 25B426882B56C0D600EC22FA /* Build configuration list for PBXNativeTarget "repoGitDemoUITests" */;
			buildPhases = (
				25B426742B56C0D600EC22FA /* Sources */,
				25B426752B56C0D600EC22FA /* Frameworks */,
				25B426762B56C0D600EC22FA /* Resources */,
			);
			buildRules = (
			);
			dependencies = (
				25B4267A2B56C0D600EC22FA /* PBXTargetDependency */,
			);
			name = repoGitDemoUITests;
			productName = repoGitDemoUITests;
			productReference = 25B426782B56C0D600EC22FA /* repoGitDemoUITests.xctest */;
			productType = "com.apple.product-type.bundle.ui-testing";
		};
/* End PBXNativeTarget section */

/* Begin PBXProject section */
		25B426502B56C0D500EC22FA /* Project object */ = {
			isa = PBXProject;
			attributes = {
				BuildIndependentTargetsInParallel = 1;
				LastSwiftUpdateCheck = 1510;
				LastUpgradeCheck = 1510;
				TargetAttributes = {
					25B426572B56C0D500EC22FA = {
						CreatedOnToolsVersion = 15.1;
					};
					25B4266D2B56C0D600EC22FA = {
						CreatedOnToolsVersion = 15.1;
						TestTargetID = 25B426572B56C0D500EC22FA;
					};
					25B426772B56C0D600EC22FA = {
						CreatedOnToolsVersion = 15.1;
						TestTargetID = 25B426572B56C0D500EC22FA;
					};
				};
			};
			buildConfigurationList = 25B426532B56C0D500EC22FA /* Build configuration list for PBXProject "repoGitDemo" */;
			compatibilityVersion = "Xcode 14.0";
			developmentRegion = en;
			hasScannedForEncodings = 0;
			knownRegions = (
				en,
				Base,
			);
			mainGroup = 25B4264F2B56C0D500EC22FA;
			productRefGroup = 25B426592B56C0D500EC22FA /* Products */;
			projectDirPath = "";
			projectRoot = "";
			targets = (
				25B426572B56C0D500EC22FA /* repoGitDemo */,
				25B4266D2B56C0D600EC22FA /* repoGitDemoTests */,
				25B426772B56C0D600EC22FA /* repoGitDemoUITests */,
			);
		};
/* End PBXProject section */

/* Begin PBXResourcesBuildPhase section */
		25B426562B56C0D500EC22FA /* Resources */ = {
			isa = PBXResourcesBuildPhase;
			buildActionMask = 2147483647;
			files = (
				25B426682B56C0D600EC22FA /* LaunchScreen.storyboard in Resources */,
				25B426652B56C0D600EC22FA /* Assets.xcassets in Resources */,
				25B426632B56C0D500EC22FA /* Main.storyboard in Resources */,
			);
			runOnlyForDeploymentPostprocessing = 0;
		};
		25B4266C2B56C0D600EC22FA /* Resources */ = {
			isa = PBXResourcesBuildPhase;
			buildActionMask = 2147483647;
			files = (
			);
			runOnlyForDeploymentPostprocessing = 0;
		};
		25B426762B56C0D600EC22FA /* Resources */ = {
			isa = PBXResourcesBuildPhase;
			buildActionMask = 2147483647;
			files = (
			);
			runOnlyForDeploymentPostprocessing = 0;
		};
/* End PBXResourcesBuildPhase section */

/* Begin PBXSourcesBuildPhase section */
		25B426542B56C0D500EC22FA /* Sources */ = {
			isa = PBXSourcesBuildPhase;
			buildActionMask = 2147483647;
			files = (
				25B4268C2B56C0F500EC22FA /* ShobhitVC.swift in Sources */,
				25B426602B56C0D500EC22FA /* ViewController.swift in Sources */,
				25B4265C2B56C0D500EC22FA /* AppDelegate.swift in Sources */,
				25B4268E2B56C10300EC22FA /* AnmolVC.swift in Sources */,
				25B4265E2B56C0D500EC22FA /* SceneDelegate.swift in Sources */,
			);
			runOnlyForDeploymentPostprocessing = 0;
		};
		25B4266A2B56C0D600EC22FA /* Sources */ = {
			isa = PBXSourcesBuildPhase;
			buildActionMask = 2147483647;
			files = (
				25B426732B56C0D600EC22FA /* repoGitDemoTests.swift in Sources */,
			);
			runOnlyForDeploymentPostprocessing = 0;
		};
		25B426742B56C0D600EC22FA /* Sources */ = {
			isa = PBXSourcesBuildPhase;
			buildActionMask = 2147483647;
			files = (
				25B4267F2B56C0D600EC22FA /* repoGitDemoUITestsLaunchTests.swift in Sources */,
				25B4267D2B56C0D600EC22FA /* repoGitDemoUITests.swift in Sources */,
			);
			runOnlyForDeploymentPostprocessing = 0;
		};
/* End PBXSourcesBuildPhase section */

/* Begin PBXTargetDependency section */
		25B426702B56C0D600EC22FA /* PBXTargetDependency */ = {
			isa = PBXTargetDependency;
			target = 25B426572B56C0D500EC22FA /* repoGitDemo */;
			targetProxy = 25B4266F2B56C0D600EC22FA /* PBXContainerItemProxy */;
		};
		25B4267A2B56C0D600EC22FA /* PBXTargetDependency */ = {
			isa = PBXTargetDependency;
			target = 25B426572B56C0D500EC22FA /* repoGitDemo */;
			targetProxy = 25B426792B56C0D600EC22FA /* PBXContainerItemProxy */;
		};
/* End PBXTargetDependency section */

/* Begin PBXVariantGroup section */
		25B426612B56C0D500EC22FA /* Main.storyboard */ = {
			isa = PBXVariantGroup;
			children = (
				25B426622B56C0D500EC22FA /* Base */,
			);
			name = Main.storyboard;
			sourceTree = "<group>";
		};
		25B426662B56C0D600EC22FA /* LaunchScreen.storyboard */ = {
			isa = PBXVariantGroup;
			children = (
				25B426672B56C0D600EC22FA /* Base */,
			);
			name = LaunchScreen.storyboard;
			sourceTree = "<group>";
		};
/* End PBXVariantGroup section */

/* Begin XCBuildConfiguration section */
		25B426802B56C0D600EC22FA /* Debug */ = {
			isa = XCBuildConfiguration;
			buildSettings = {
				ALWAYS_SEARCH_USER_PATHS = NO;
				ASSETCATALOG_COMPILER_GENERATE_SWIFT_ASSET_SYMBOL_EXTENSIONS = YES;
				CLANG_ANALYZER_NONNULL = YES;
				CLANG_ANALYZER_NUMBER_OBJECT_CONVERSION = YES_AGGRESSIVE;
				CLANG_CXX_LANGUAGE_STANDARD = "gnu++20";
				CLANG_ENABLE_MODULES = YES;
				CLANG_ENABLE_OBJC_ARC = YES;
				CLANG_ENABLE_OBJC_WEAK = YES;
				CLANG_WARN_BLOCK_CAPTURE_AUTORELEASING = YES;
				CLANG_WARN_BOOL_CONVERSION = YES;
				CLANG_WARN_COMMA = YES;
				CLANG_WARN_CONSTANT_CONVERSION = YES;
				CLANG_WARN_DEPRECATED_OBJC_IMPLEMENTATIONS = YES;
				CLANG_WARN_DIRECT_OBJC_ISA_USAGE = YES_ERROR;
				CLANG_WARN_DOCUMENTATION_COMMENTS = YES;
				CLANG_WARN_EMPTY_BODY = YES;
				CLANG_WARN_ENUM_CONVERSION = YES;
				CLANG_WARN_INFINITE_RECURSION = YES;
				CLANG_WARN_INT_CONVERSION = YES;
				CLANG_WARN_NON_LITERAL_NULL_CONVERSION = YES;
				CLANG_WARN_OBJC_IMPLICIT_RETAIN_SELF = YES;
				CLANG_WARN_OBJC_LITERAL_CONVERSION = YES;
				CLANG_WARN_OBJC_ROOT_CLASS = YES_ERROR;
				CLANG_WARN_QUOTED_INCLUDE_IN_FRAMEWORK_HEADER = YES;
				CLANG_WARN_RANGE_LOOP_ANALYSIS = YES;
				CLANG_WARN_STRICT_PROTOTYPES = YES;
				CLANG_WARN_SUSPICIOUS_MOVE = YES;
				CLANG_WARN_UNGUARDED_AVAILABILITY = YES_AGGRESSIVE;
				CLANG_WARN_UNREACHABLE_CODE = YES;
				CLANG_WARN__DUPLICATE_METHOD_MATCH = YES;
				COPY_PHASE_STRIP = NO;
				DEBUG_INFORMATION_FORMAT = dwarf;
				ENABLE_STRICT_OBJC_MSGSEND = YES;
				ENABLE_TESTABILITY = YES;
				ENABLE_USER_SCRIPT_SANDBOXING = YES;
				GCC_C_LANGUAGE_STANDARD = gnu17;
				GCC_DYNAMIC_NO_PIC = NO;
				GCC_NO_COMMON_BLOCKS = YES;
				GCC_OPTIMIZATION_LEVEL = 0;
				GCC_PREPROCESSOR_DEFINITIONS = (
					"DEBUG=1",
					"$(inherited)",
				);
				GCC_WARN_64_TO_32_BIT_CONVERSION = YES;
				GCC_WARN_ABOUT_RETURN_TYPE = YES_ERROR;
				GCC_WARN_UNDECLARED_SELECTOR = YES;
				GCC_WARN_UNINITIALIZED_AUTOS = YES_AGGRESSIVE;
				GCC_WARN_UNUSED_FUNCTION = YES;
				GCC_WARN_UNUSED_VARIABLE = YES;
				IPHONEOS_DEPLOYMENT_TARGET = 17.2;
				LOCALIZATION_PREFERS_STRING_CATALOGS = YES;
				MTL_ENABLE_DEBUG_INFO = INCLUDE_SOURCE;
				MTL_FAST_MATH = YES;
				ONLY_ACTIVE_ARCH = YES;
				SDKROOT = iphoneos;
				SWIFT_ACTIVE_COMPILATION_CONDITIONS = "DEBUG $(inherited)";
				SWIFT_OPTIMIZATION_LEVEL = "-Onone";
			};
			name = Debug;
		};
		25B426812B56C0D600EC22FA /* Release */ = {
			isa = XCBuildConfiguration;
			buildSettings = {
				ALWAYS_SEARCH_USER_PATHS = NO;
				ASSETCATALOG_COMPILER_GENERATE_SWIFT_ASSET_SYMBOL_EXTENSIONS = YES;
				CLANG_ANALYZER_NONNULL = YES;
				CLANG_ANALYZER_NUMBER_OBJECT_CONVERSION = YES_AGGRESSIVE;
				CLANG_CXX_LANGUAGE_STANDARD = "gnu++20";
				CLANG_ENABLE_MODULES = YES;
				CLANG_ENABLE_OBJC_ARC = YES;
				CLANG_ENABLE_OBJC_WEAK = YES;
				CLANG_WARN_BLOCK_CAPTURE_AUTORELEASING = YES;
				CLANG_WARN_BOOL_CONVERSION = YES;
				CLANG_WARN_COMMA = YES;
				CLANG_WARN_CONSTANT_CONVERSION = YES;
				CLANG_WARN_DEPRECATED_OBJC_IMPLEMENTATIONS = YES;
				CLANG_WARN_DIRECT_OBJC_ISA_USAGE = YES_ERROR;
				CLANG_WARN_DOCUMENTATION_COMMENTS = YES;
				CLANG_WARN_EMPTY_BODY = YES;
				CLANG_WARN_ENUM_CONVERSION = YES;
				CLANG_WARN_INFINITE_RECURSION = YES;
				CLANG_WARN_INT_CONVERSION = YES;
				CLANG_WARN_NON_LITERAL_NULL_CONVERSION = YES;
				CLANG_WARN_OBJC_IMPLICIT_RETAIN_SELF = YES;
				CLANG_WARN_OBJC_LITERAL_CONVERSION = YES;
				CLANG_WARN_OBJC_ROOT_CLASS = YES_ERROR;
				CLANG_WARN_QUOTED_INCLUDE_IN_FRAMEWORK_HEADER = YES;
				CLANG_WARN_RANGE_LOOP_ANALYSIS = YES;
				CLANG_WARN_STRICT_PROTOTYPES = YES;
				CLANG_WARN_SUSPICIOUS_MOVE = YES;
				CLANG_WARN_UNGUARDED_AVAILABILITY = YES_AGGRESSIVE;
				CLANG_WARN_UNREACHABLE_CODE = YES;
				CLANG_WARN__DUPLICATE_METHOD_MATCH = YES;
				COPY_PHASE_STRIP = NO;
				DEBUG_INFORMATION_FORMAT = "dwarf-with-dsym";
				ENABLE_NS_ASSERTIONS = NO;
				ENABLE_STRICT_OBJC_MSGSEND = YES;
				ENABLE_USER_SCRIPT_SANDBOXING = YES;
				GCC_C_LANGUAGE_STANDARD = gnu17;
				GCC_NO_COMMON_BLOCKS = YES;
				GCC_WARN_64_TO_32_BIT_CONVERSION = YES;
				GCC_WARN_ABOUT_RETURN_TYPE = YES_ERROR;
				GCC_WARN_UNDECLARED_SELECTOR = YES;
				GCC_WARN_UNINITIALIZED_AUTOS = YES_AGGRESSIVE;
				GCC_WARN_UNUSED_FUNCTION = YES;
				GCC_WARN_UNUSED_VARIABLE = YES;
				IPHONEOS_DEPLOYMENT_TARGET = 17.2;
				LOCALIZATION_PREFERS_STRING_CATALOGS = YES;
				MTL_ENABLE_DEBUG_INFO = NO;
				MTL_FAST_MATH = YES;
				SDKROOT = iphoneos;
				SWIFT_COMPILATION_MODE = wholemodule;
				VALIDATE_PRODUCT = YES;
			};
			name = Release;
		};
		25B426832B56C0D600EC22FA /* Debug */ = {
			isa = XCBuildConfiguration;
			buildSettings = {
				ASSETCATALOG_COMPILER_APPICON_NAME = AppIcon;
				ASSETCATALOG_COMPILER_GLOBAL_ACCENT_COLOR_NAME = AccentColor;
				CODE_SIGN_STYLE = Automatic;
				CURRENT_PROJECT_VERSION = 1;
				GENERATE_INFOPLIST_FILE = YES;
				INFOPLIST_FILE = repoGitDemo/Info.plist;
				INFOPLIST_KEY_UIApplicationSupportsIndirectInputEvents = YES;
				INFOPLIST_KEY_UILaunchStoryboardName = LaunchScreen;
				INFOPLIST_KEY_UIMainStoryboardFile = Main;
				INFOPLIST_KEY_UISupportedInterfaceOrientations_iPad = "UIInterfaceOrientationPortrait UIInterfaceOrientationPortraitUpsideDown UIInterfaceOrientationLandscapeLeft UIInterfaceOrientationLandscapeRight";
				INFOPLIST_KEY_UISupportedInterfaceOrientations_iPhone = "UIInterfaceOrientationPortrait UIInterfaceOrientationLandscapeLeft UIInterfaceOrientationLandscapeRight";
				LD_RUNPATH_SEARCH_PATHS = (
					"$(inherited)",
					"@executable_path/Frameworks",
				);
				MARKETING_VERSION = 1.0;
				PRODUCT_BUNDLE_IDENTIFIER = Abhinav.repoGitDemo;
				PRODUCT_NAME = "$(TARGET_NAME)";
				SWIFT_EMIT_LOC_STRINGS = YES;
				SWIFT_VERSION = 5.0;
				TARGETED_DEVICE_FAMILY = "1,2";
			};
			name = Debug;
		};
		25B426842B56C0D600EC22FA /* Release */ = {
			isa = XCBuildConfiguration;
			buildSettings = {
				ASSETCATALOG_COMPILER_APPICON_NAME = AppIcon;
				ASSETCATALOG_COMPILER_GLOBAL_ACCENT_COLOR_NAME = AccentColor;
				CODE_SIGN_STYLE = Automatic;
				CURRENT_PROJECT_VERSION = 1;
				GENERATE_INFOPLIST_FILE = YES;
				INFOPLIST_FILE = repoGitDemo/Info.plist;
				INFOPLIST_KEY_UIApplicationSupportsIndirectInputEvents = YES;
				INFOPLIST_KEY_UILaunchStoryboardName = LaunchScreen;
				INFOPLIST_KEY_UIMainStoryboardFile = Main;
				INFOPLIST_KEY_UISupportedInterfaceOrientations_iPad = "UIInterfaceOrientationPortrait UIInterfaceOrientationPortraitUpsideDown UIInterfaceOrientationLandscapeLeft UIInterfaceOrientationLandscapeRight";
				INFOPLIST_KEY_UISupportedInterfaceOrientations_iPhone = "UIInterfaceOrientationPortrait UIInterfaceOrientationLandscapeLeft UIInterfaceOrientationLandscapeRight";
				LD_RUNPATH_SEARCH_PATHS = (
					"$(inherited)",
					"@executable_path/Frameworks",
				);
				MARKETING_VERSION = 1.0;
				PRODUCT_BUNDLE_IDENTIFIER = Abhinav.repoGitDemo;
				PRODUCT_NAME = "$(TARGET_NAME)";
				SWIFT_EMIT_LOC_STRINGS = YES;
				SWIFT_VERSION = 5.0;
				TARGETED_DEVICE_FAMILY = "1,2";
			};
			name = Release;
		};
		25B426862B56C0D600EC22FA /* Debug */ = {
			isa = XCBuildConfiguration;
			buildSettings = {
				ALWAYS_EMBED_SWIFT_STANDARD_LIBRARIES = YES;
				BUNDLE_LOADER = "$(TEST_HOST)";
				CODE_SIGN_STYLE = Automatic;
				CURRENT_PROJECT_VERSION = 1;
				GENERATE_INFOPLIST_FILE = YES;
				IPHONEOS_DEPLOYMENT_TARGET = 17.2;
				MARKETING_VERSION = 1.0;
				PRODUCT_BUNDLE_IDENTIFIER = Abhinav.repoGitDemoTests;
				PRODUCT_NAME = "$(TARGET_NAME)";
				SWIFT_EMIT_LOC_STRINGS = NO;
				SWIFT_VERSION = 5.0;
				TARGETED_DEVICE_FAMILY = "1,2";
				TEST_HOST = "$(BUILT_PRODUCTS_DIR)/repoGitDemo.app/$(BUNDLE_EXECUTABLE_FOLDER_PATH)/repoGitDemo";
			};
			name = Debug;
		};
		25B426872B56C0D600EC22FA /* Release */ = {
			isa = XCBuildConfiguration;
			buildSettings = {
				ALWAYS_EMBED_SWIFT_STANDARD_LIBRARIES = YES;
				BUNDLE_LOADER = "$(TEST_HOST)";
				CODE_SIGN_STYLE = Automatic;
				CURRENT_PROJECT_VERSION = 1;
				GENERATE_INFOPLIST_FILE = YES;
				IPHONEOS_DEPLOYMENT_TARGET = 17.2;
				MARKETING_VERSION = 1.0;
				PRODUCT_BUNDLE_IDENTIFIER = Abhinav.repoGitDemoTests;
				PRODUCT_NAME = "$(TARGET_NAME)";
				SWIFT_EMIT_LOC_STRINGS = NO;
				SWIFT_VERSION = 5.0;
				TARGETED_DEVICE_FAMILY = "1,2";
				TEST_HOST = "$(BUILT_PRODUCTS_DIR)/repoGitDemo.app/$(BUNDLE_EXECUTABLE_FOLDER_PATH)/repoGitDemo";
			};
			name = Release;
		};
		25B426892B56C0D600EC22FA /* Debug */ = {
			isa = XCBuildConfiguration;
			buildSettings = {
				ALWAYS_EMBED_SWIFT_STANDARD_LIBRARIES = YES;
				CODE_SIGN_STYLE = Automatic;
				CURRENT_PROJECT_VERSION = 1;
				GENERATE_INFOPLIST_FILE = YES;
				MARKETING_VERSION = 1.0;
				PRODUCT_BUNDLE_IDENTIFIER = Abhinav.repoGitDemoUITests;
				PRODUCT_NAME = "$(TARGET_NAME)";
				SWIFT_EMIT_LOC_STRINGS = NO;
				SWIFT_VERSION = 5.0;
				TARGETED_DEVICE_FAMILY = "1,2";
				TEST_TARGET_NAME = repoGitDemo;
			};
			name = Debug;
		};
		25B4268A2B56C0D600EC22FA /* Release */ = {
			isa = XCBuildConfiguration;
			buildSettings = {
				ALWAYS_EMBED_SWIFT_STANDARD_LIBRARIES = YES;
				CODE_SIGN_STYLE = Automatic;
				CURRENT_PROJECT_VERSION = 1;
				GENERATE_INFOPLIST_FILE = YES;
				MARKETING_VERSION = 1.0;
				PRODUCT_BUNDLE_IDENTIFIER = Abhinav.repoGitDemoUITests;
				PRODUCT_NAME = "$(TARGET_NAME)";
				SWIFT_EMIT_LOC_STRINGS = NO;
				SWIFT_VERSION = 5.0;
				TARGETED_DEVICE_FAMILY = "1,2";
				TEST_TARGET_NAME = repoGitDemo;
			};
			name = Release;
		};
/* End XCBuildConfiguration section */

/* Begin XCConfigurationList section */
		25B426532B56C0D500EC22FA /* Build configuration list for PBXProject "repoGitDemo" */ = {
			isa = XCConfigurationList;
			buildConfigurations = (
				25B426802B56C0D600EC22FA /* Debug */,
				25B426812B56C0D600EC22FA /* Release */,
			);
			defaultConfigurationIsVisible = 0;
			defaultConfigurationName = Release;
		};
		25B426822B56C0D600EC22FA /* Build configuration list for PBXNativeTarget "repoGitDemo" */ = {
			isa = XCConfigurationList;
			buildConfigurations = (
				25B426832B56C0D600EC22FA /* Debug */,
				25B426842B56C0D600EC22FA /* Release */,
			);
			defaultConfigurationIsVisible = 0;
			defaultConfigurationName = Release;
		};
		25B426852B56C0D600EC22FA /* Build configuration list for PBXNativeTarget "repoGitDemoTests" */ = {
			isa = XCConfigurationList;
			buildConfigurations = (
				25B426862B56C0D600EC22FA /* Debug */,
				25B426872B56C0D600EC22FA /* Release */,
			);
			defaultConfigurationIsVisible = 0;
			defaultConfigurationName = Release;
		};
		25B426882B56C0D600EC22FA /* Build configuration list for PBXNativeTarget "repoGitDemoUITests" */ = {
			isa = XCConfigurationList;
			buildConfigurations = (
				25B426892B56C0D600EC22FA /* Debug */,
				25B4268A2B56C0D600EC22FA /* Release */,
			);
			defaultConfigurationIsVisible = 0;
			defaultConfigurationName = Release;
		};
/* End XCConfigurationList section */
	};
	rootObject = 25B426502B56C0D500EC22FA /* Project object */;
}
